// !$*UTF8*$!
{
	archiveVersion = 1;
	classes = {
	};
	objectVersion = 50;
	objects = {

/* Begin PBXBuildFile section */
		84B2677122B4F6E7007D8440 /* BaseNode.swift in Sources */ = {isa = PBXBuildFile; fileRef = 84B2677022B4F6E7007D8440 /* BaseNode.swift */; };
		84B2677322B50428007D8440 /* test.swift in Sources */ = {isa = PBXBuildFile; fileRef = 84B2677222B50428007D8440 /* test.swift */; };
		84E41E9022B3731000C9AE85 /* AppDelegate.swift in Sources */ = {isa = PBXBuildFile; fileRef = 84E41E8F22B3731000C9AE85 /* AppDelegate.swift */; };
		84E41E9222B3731000C9AE85 /* ViewController.swift in Sources */ = {isa = PBXBuildFile; fileRef = 84E41E9122B3731000C9AE85 /* ViewController.swift */; };
		84E41E9822B3731000C9AE85 /* AR__demo.xcdatamodeld in Sources */ = {isa = PBXBuildFile; fileRef = 84E41E9622B3731000C9AE85 /* AR__demo.xcdatamodeld */; };
		84E41E9A22B3731100C9AE85 /* Assets.xcassets in Resources */ = {isa = PBXBuildFile; fileRef = 84E41E9922B3731100C9AE85 /* Assets.xcassets */; };
		84E41E9D22B3731100C9AE85 /* LaunchScreen.storyboard in Resources */ = {isa = PBXBuildFile; fileRef = 84E41E9B22B3731100C9AE85 /* LaunchScreen.storyboard */; };
		84E41EA822B3731200C9AE85 /* AR__demoTests.swift in Sources */ = {isa = PBXBuildFile; fileRef = 84E41EA722B3731200C9AE85 /* AR__demoTests.swift */; };
		84E41EB322B3731200C9AE85 /* AR__demoUITests.swift in Sources */ = {isa = PBXBuildFile; fileRef = 84E41EB222B3731200C9AE85 /* AR__demoUITests.swift */; };
		84E41EC122B3780E00C9AE85 /* ARTestViewController.swift in Sources */ = {isa = PBXBuildFile; fileRef = 84E41EC022B3780E00C9AE85 /* ARTestViewController.swift */; };
		84E41F0122B4E49800C9AE85 /* art.scnassets in Resources */ = {isa = PBXBuildFile; fileRef = 84E41F0022B4E49800C9AE85 /* art.scnassets */; };
/* End PBXBuildFile section */

/* Begin PBXContainerItemProxy section */
		84E41EA422B3731200C9AE85 /* PBXContainerItemProxy */ = {
			isa = PBXContainerItemProxy;
			containerPortal = 84E41E8422B3731000C9AE85 /* Project object */;
			proxyType = 1;
			remoteGlobalIDString = 84E41E8B22B3731000C9AE85;
			remoteInfo = "AR效果demo";
		};
		84E41EAF22B3731200C9AE85 /* PBXContainerItemProxy */ = {
			isa = PBXContainerItemProxy;
			containerPortal = 84E41E8422B3731000C9AE85 /* Project object */;
			proxyType = 1;
			remoteGlobalIDString = 84E41E8B22B3731000C9AE85;
			remoteInfo = "AR效果demo";
		};
/* End PBXContainerItemProxy section */

/* Begin PBXFileReference section */
		84B2677022B4F6E7007D8440 /* BaseNode.swift */ = {isa = PBXFileReference; lastKnownFileType = sourcecode.swift; path = BaseNode.swift; sourceTree = "<group>"; };
		84B2677222B50428007D8440 /* test.swift */ = {isa = PBXFileReference; lastKnownFileType = sourcecode.swift; path = test.swift; sourceTree = "<group>"; };
		84E41E8C22B3731000C9AE85 /* AR效果demo.app */ = {isa = PBXFileReference; explicitFileType = wrapper.application; includeInIndex = 0; path = "AR效果demo.app"; sourceTree = BUILT_PRODUCTS_DIR; };
		84E41E8F22B3731000C9AE85 /* AppDelegate.swift */ = {isa = PBXFileReference; lastKnownFileType = sourcecode.swift; path = AppDelegate.swift; sourceTree = "<group>"; };
		84E41E9122B3731000C9AE85 /* ViewController.swift */ = {isa = PBXFileReference; lastKnownFileType = sourcecode.swift; path = ViewController.swift; sourceTree = "<group>"; };
		84E41E9722B3731000C9AE85 /* AR__demo.xcdatamodel */ = {isa = PBXFileReference; lastKnownFileType = wrapper.xcdatamodel; path = AR__demo.xcdatamodel; sourceTree = "<group>"; };
		84E41E9922B3731100C9AE85 /* Assets.xcassets */ = {isa = PBXFileReference; lastKnownFileType = folder.assetcatalog; path = Assets.xcassets; sourceTree = "<group>"; };
		84E41E9C22B3731100C9AE85 /* Base */ = {isa = PBXFileReference; lastKnownFileType = file.storyboard; name = Base; path = Base.lproj/LaunchScreen.storyboard; sourceTree = "<group>"; };
		84E41E9E22B3731100C9AE85 /* Info.plist */ = {isa = PBXFileReference; lastKnownFileType = text.plist.xml; path = Info.plist; sourceTree = "<group>"; };
		84E41EA322B3731200C9AE85 /* AR效果demoTests.xctest */ = {isa = PBXFileReference; explicitFileType = wrapper.cfbundle; includeInIndex = 0; path = "AR效果demoTests.xctest"; sourceTree = BUILT_PRODUCTS_DIR; };
		84E41EA722B3731200C9AE85 /* AR__demoTests.swift */ = {isa = PBXFileReference; lastKnownFileType = sourcecode.swift; path = AR__demoTests.swift; sourceTree = "<group>"; };
		84E41EA922B3731200C9AE85 /* Info.plist */ = {isa = PBXFileReference; lastKnownFileType = text.plist.xml; path = Info.plist; sourceTree = "<group>"; };
		84E41EAE22B3731200C9AE85 /* AR效果demoUITests.xctest */ = {isa = PBXFileReference; explicitFileType = wrapper.cfbundle; includeInIndex = 0; path = "AR效果demoUITests.xctest"; sourceTree = BUILT_PRODUCTS_DIR; };
		84E41EB222B3731200C9AE85 /* AR__demoUITests.swift */ = {isa = PBXFileReference; lastKnownFileType = sourcecode.swift; path = AR__demoUITests.swift; sourceTree = "<group>"; };
		84E41EB422B3731200C9AE85 /* Info.plist */ = {isa = PBXFileReference; lastKnownFileType = text.plist.xml; path = Info.plist; sourceTree = "<group>"; };
		84E41EC022B3780E00C9AE85 /* ARTestViewController.swift */ = {isa = PBXFileReference; lastKnownFileType = sourcecode.swift; path = ARTestViewController.swift; sourceTree = "<group>"; };
		84E41F0022B4E49800C9AE85 /* art.scnassets */ = {isa = PBXFileReference; lastKnownFileType = wrapper.scnassets; path = art.scnassets; sourceTree = "<group>"; };
/* End PBXFileReference section */

/* Begin PBXFrameworksBuildPhase section */
		84E41E8922B3731000C9AE85 /* Frameworks */ = {
			isa = PBXFrameworksBuildPhase;
			buildActionMask = 2147483647;
			files = (
			);
			runOnlyForDeploymentPostprocessing = 0;
		};
		84E41EA022B3731200C9AE85 /* Frameworks */ = {
			isa = PBXFrameworksBuildPhase;
			buildActionMask = 2147483647;
			files = (
			);
			runOnlyForDeploymentPostprocessing = 0;
		};
		84E41EAB22B3731200C9AE85 /* Frameworks */ = {
			isa = PBXFrameworksBuildPhase;
			buildActionMask = 2147483647;
			files = (
			);
			runOnlyForDeploymentPostprocessing = 0;
		};
/* End PBXFrameworksBuildPhase section */

/* Begin PBXGroup section */
		84E41E8322B3731000C9AE85 = {
			isa = PBXGroup;
			children = (
				84E41E8E22B3731000C9AE85 /* AR效果demo */,
				84E41EA622B3731200C9AE85 /* AR效果demoTests */,
				84E41EB122B3731200C9AE85 /* AR效果demoUITests */,
				84E41E8D22B3731000C9AE85 /* Products */,
			);
			sourceTree = "<group>";
		};
		84E41E8D22B3731000C9AE85 /* Products */ = {
			isa = PBXGroup;
			children = (
				84E41E8C22B3731000C9AE85 /* AR效果demo.app */,
				84E41EA322B3731200C9AE85 /* AR效果demoTests.xctest */,
				84E41EAE22B3731200C9AE85 /* AR效果demoUITests.xctest */,
			);
			name = Products;
			sourceTree = "<group>";
		};
		84E41E8E22B3731000C9AE85 /* AR效果demo */ = {
			isa = PBXGroup;
			children = (
				84E41E8F22B3731000C9AE85 /* AppDelegate.swift */,
				84E41E9122B3731000C9AE85 /* ViewController.swift */,
				84E41EC022B3780E00C9AE85 /* ARTestViewController.swift */,
				84B2677022B4F6E7007D8440 /* BaseNode.swift */,
				84B2677222B50428007D8440 /* test.swift */,
				84E41F0022B4E49800C9AE85 /* art.scnassets */,
				84E41E9922B3731100C9AE85 /* Assets.xcassets */,
				84E41E9B22B3731100C9AE85 /* LaunchScreen.storyboard */,
				84E41E9E22B3731100C9AE85 /* Info.plist */,
				84E41E9622B3731000C9AE85 /* AR__demo.xcdatamodeld */,
			);
			path = "AR效果demo";
			sourceTree = "<group>";
		};
		84E41EA622B3731200C9AE85 /* AR效果demoTests */ = {
			isa = PBXGroup;
			children = (
				84E41EA722B3731200C9AE85 /* AR__demoTests.swift */,
				84E41EA922B3731200C9AE85 /* Info.plist */,
			);
			path = "AR效果demoTests";
			sourceTree = "<group>";
		};
		84E41EB122B3731200C9AE85 /* AR效果demoUITests */ = {
			isa = PBXGroup;
			children = (
				84E41EB222B3731200C9AE85 /* AR__demoUITests.swift */,
				84E41EB422B3731200C9AE85 /* Info.plist */,
			);
			path = "AR效果demoUITests";
			sourceTree = "<group>";
		};
/* End PBXGroup section */

/* Begin PBXNativeTarget section */
		84E41E8B22B3731000C9AE85 /* AR效果demo */ = {
			isa = PBXNativeTarget;
			buildConfigurationList = 84E41EB722B3731200C9AE85 /* Build configuration list for PBXNativeTarget "AR效果demo" */;
			buildPhases = (
				84E41E8822B3731000C9AE85 /* Sources */,
				84E41E8922B3731000C9AE85 /* Frameworks */,
				84E41E8A22B3731000C9AE85 /* Resources */,
			);
			buildRules = (
			);
			dependencies = (
			);
			name = "AR效果demo";
			productName = "AR效果demo";
			productReference = 84E41E8C22B3731000C9AE85 /* AR效果demo.app */;
			productType = "com.apple.product-type.application";
		};
		84E41EA222B3731200C9AE85 /* AR效果demoTests */ = {
			isa = PBXNativeTarget;
			buildConfigurationList = 84E41EBA22B3731200C9AE85 /* Build configuration list for PBXNativeTarget "AR效果demoTests" */;
			buildPhases = (
				84E41E9F22B3731200C9AE85 /* Sources */,
				84E41EA022B3731200C9AE85 /* Frameworks */,
				84E41EA122B3731200C9AE85 /* Resources */,
			);
			buildRules = (
			);
			dependencies = (
				84E41EA522B3731200C9AE85 /* PBXTargetDependency */,
			);
			name = "AR效果demoTests";
			productName = "AR效果demoTests";
			productReference = 84E41EA322B3731200C9AE85 /* AR效果demoTests.xctest */;
			productType = "com.apple.product-type.bundle.unit-test";
		};
		84E41EAD22B3731200C9AE85 /* AR效果demoUITests */ = {
			isa = PBXNativeTarget;
			buildConfigurationList = 84E41EBD22B3731200C9AE85 /* Build configuration list for PBXNativeTarget "AR效果demoUITests" */;
			buildPhases = (
				84E41EAA22B3731200C9AE85 /* Sources */,
				84E41EAB22B3731200C9AE85 /* Frameworks */,
				84E41EAC22B3731200C9AE85 /* Resources */,
			);
			buildRules = (
			);
			dependencies = (
				84E41EB022B3731200C9AE85 /* PBXTargetDependency */,
			);
			name = "AR效果demoUITests";
			productName = "AR效果demoUITests";
			productReference = 84E41EAE22B3731200C9AE85 /* AR效果demoUITests.xctest */;
			productType = "com.apple.product-type.bundle.ui-testing";
		};
/* End PBXNativeTarget section */

/* Begin PBXProject section */
		84E41E8422B3731000C9AE85 /* Project object */ = {
			isa = PBXProject;
			attributes = {
				LastSwiftUpdateCheck = 1020;
				LastUpgradeCheck = 1020;
				ORGANIZATIONNAME = 222;
				TargetAttributes = {
					84E41E8B22B3731000C9AE85 = {
						CreatedOnToolsVersion = 10.2.1;
					};
					84E41EA222B3731200C9AE85 = {
						CreatedOnToolsVersion = 10.2.1;
						TestTargetID = 84E41E8B22B3731000C9AE85;
					};
					84E41EAD22B3731200C9AE85 = {
						CreatedOnToolsVersion = 10.2.1;
						TestTargetID = 84E41E8B22B3731000C9AE85;
					};
				};
			};
			buildConfigurationList = 84E41E8722B3731000C9AE85 /* Build configuration list for PBXProject "AR效果demo" */;
			compatibilityVersion = "Xcode 9.3";
			developmentRegion = en;
			hasScannedForEncodings = 0;
			knownRegions = (
				en,
				Base,
			);
			mainGroup = 84E41E8322B3731000C9AE85;
			productRefGroup = 84E41E8D22B3731000C9AE85 /* Products */;
			projectDirPath = "";
			projectRoot = "";
			targets = (
				84E41E8B22B3731000C9AE85 /* AR效果demo */,
				84E41EA222B3731200C9AE85 /* AR效果demoTests */,
				84E41EAD22B3731200C9AE85 /* AR效果demoUITests */,
			);
		};
/* End PBXProject section */

/* Begin PBXResourcesBuildPhase section */
		84E41E8A22B3731000C9AE85 /* Resources */ = {
			isa = PBXResourcesBuildPhase;
			buildActionMask = 2147483647;
			files = (
				84E41E9D22B3731100C9AE85 /* LaunchScreen.storyboard in Resources */,
				84E41F0122B4E49800C9AE85 /* art.scnassets in Resources */,
				84E41E9A22B3731100C9AE85 /* Assets.xcassets in Resources */,
			);
			runOnlyForDeploymentPostprocessing = 0;
		};
		84E41EA122B3731200C9AE85 /* Resources */ = {
			isa = PBXResourcesBuildPhase;
			buildActionMask = 2147483647;
			files = (
			);
			runOnlyForDeploymentPostprocessing = 0;
		};
		84E41EAC22B3731200C9AE85 /* Resources */ = {
			isa = PBXResourcesBuildPhase;
			buildActionMask = 2147483647;
			files = (
			);
			runOnlyForDeploymentPostprocessing = 0;
		};
/* End PBXResourcesBuildPhase section */

/* Begin PBXSourcesBuildPhase section */
		84E41E8822B3731000C9AE85 /* Sources */ = {
			isa = PBXSourcesBuildPhase;
			buildActionMask = 2147483647;
			files = (
				84B2677122B4F6E7007D8440 /* BaseNode.swift in Sources */,
				84B2677322B50428007D8440 /* test.swift in Sources */,
				84E41E9222B3731000C9AE85 /* ViewController.swift in Sources */,
				84E41E9822B3731000C9AE85 /* AR__demo.xcdatamodeld in Sources */,
				84E41E9022B3731000C9AE85 /* AppDelegate.swift in Sources */,
				84E41EC122B3780E00C9AE85 /* ARTestViewController.swift in Sources */,
			);
			runOnlyForDeploymentPostprocessing = 0;
		};
		84E41E9F22B3731200C9AE85 /* Sources */ = {
			isa = PBXSourcesBuildPhase;
			buildActionMask = 2147483647;
			files = (
				84E41EA822B3731200C9AE85 /* AR__demoTests.swift in Sources */,
			);
			runOnlyForDeploymentPostprocessing = 0;
		};
		84E41EAA22B3731200C9AE85 /* Sources */ = {
			isa = PBXSourcesBuildPhase;
			buildActionMask = 2147483647;
			files = (
				84E41EB322B3731200C9AE85 /* AR__demoUITests.swift in Sources */,
			);
			runOnlyForDeploymentPostprocessing = 0;
		};
/* End PBXSourcesBuildPhase section */

/* Begin PBXTargetDependency section */
		84E41EA522B3731200C9AE85 /* PBXTargetDependency */ = {
			isa = PBXTargetDependency;
			target = 84E41E8B22B3731000C9AE85 /* AR效果demo */;
			targetProxy = 84E41EA422B3731200C9AE85 /* PBXContainerItemProxy */;
		};
		84E41EB022B3731200C9AE85 /* PBXTargetDependency */ = {
			isa = PBXTargetDependency;
			target = 84E41E8B22B3731000C9AE85 /* AR效果demo */;
			targetProxy = 84E41EAF22B3731200C9AE85 /* PBXContainerItemProxy */;
		};
/* End PBXTargetDependency section */

/* Begin PBXVariantGroup section */
		84E41E9B22B3731100C9AE85 /* LaunchScreen.storyboard */ = {
			isa = PBXVariantGroup;
			children = (
				84E41E9C22B3731100C9AE85 /* Base */,
			);
			name = LaunchScreen.storyboard;
			sourceTree = "<group>";
		};
/* End PBXVariantGroup section */

/* Begin XCBuildConfiguration section */
		84E41EB522B3731200C9AE85 /* Debug */ = {
			isa = XCBuildConfiguration;
			buildSettings = {
				ALWAYS_SEARCH_USER_PATHS = NO;
				CLANG_ANALYZER_NONNULL = YES;
				CLANG_ANALYZER_NUMBER_OBJECT_CONVERSION = YES_AGGRESSIVE;
				CLANG_CXX_LANGUAGE_STANDARD = "gnu++14";
				CLANG_CXX_LIBRARY = "libc++";
				CLANG_ENABLE_MODULES = YES;
				CLANG_ENABLE_OBJC_ARC = YES;
				CLANG_ENABLE_OBJC_WEAK = YES;
				CLANG_WARN_BLOCK_CAPTURE_AUTORELEASING = YES;
				CLANG_WARN_BOOL_CONVERSION = YES;
				CLANG_WARN_COMMA = YES;
				CLANG_WARN_CONSTANT_CONVERSION = YES;
				CLANG_WARN_DEPRECATED_OBJC_IMPLEMENTATIONS = YES;
				CLANG_WARN_DIRECT_OBJC_ISA_USAGE = YES_ERROR;
				CLANG_WARN_DOCUMENTATION_COMMENTS = YES;
				CLANG_WARN_EMPTY_BODY = YES;
				CLANG_WARN_ENUM_CONVERSION = YES;
				CLANG_WARN_INFINITE_RECURSION = YES;
				CLANG_WARN_INT_CONVERSION = YES;
				CLANG_WARN_NON_LITERAL_NULL_CONVERSION = YES;
				CLANG_WARN_OBJC_IMPLICIT_RETAIN_SELF = YES;
				CLANG_WARN_OBJC_LITERAL_CONVERSION = YES;
				CLANG_WARN_OBJC_ROOT_CLASS = YES_ERROR;
				CLANG_WARN_RANGE_LOOP_ANALYSIS = YES;
				CLANG_WARN_STRICT_PROTOTYPES = YES;
				CLANG_WARN_SUSPICIOUS_MOVE = YES;
				CLANG_WARN_UNGUARDED_AVAILABILITY = YES_AGGRESSIVE;
				CLANG_WARN_UNREACHABLE_CODE = YES;
				CLANG_WARN__DUPLICATE_METHOD_MATCH = YES;
				CODE_SIGN_IDENTITY = "iPhone Developer";
				COPY_PHASE_STRIP = NO;
				DEBUG_INFORMATION_FORMAT = dwarf;
				ENABLE_STRICT_OBJC_MSGSEND = YES;
				ENABLE_TESTABILITY = YES;
				GCC_C_LANGUAGE_STANDARD = gnu11;
				GCC_DYNAMIC_NO_PIC = NO;
				GCC_NO_COMMON_BLOCKS = YES;
				GCC_OPTIMIZATION_LEVEL = 0;
				GCC_PREPROCESSOR_DEFINITIONS = (
					"DEBUG=1",
					"$(inherited)",
				);
				GCC_WARN_64_TO_32_BIT_CONVERSION = YES;
				GCC_WARN_ABOUT_RETURN_TYPE = YES_ERROR;
				GCC_WARN_UNDECLARED_SELECTOR = YES;
				GCC_WARN_UNINITIALIZED_AUTOS = YES_AGGRESSIVE;
				GCC_WARN_UNUSED_FUNCTION = YES;
				GCC_WARN_UNUSED_VARIABLE = YES;
				IPHONEOS_DEPLOYMENT_TARGET = 12.2;
				MTL_ENABLE_DEBUG_INFO = INCLUDE_SOURCE;
				MTL_FAST_MATH = YES;
				ONLY_ACTIVE_ARCH = YES;
				SDKROOT = iphoneos;
				SWIFT_ACTIVE_COMPILATION_CONDITIONS = DEBUG;
				SWIFT_OPTIMIZATION_LEVEL = "-Onone";
			};
			name = Debug;
		};
		84E41EB622B3731200C9AE85 /* Release */ = {
			isa = XCBuildConfiguration;
			buildSettings = {
				ALWAYS_SEARCH_USER_PATHS = NO;
				CLANG_ANALYZER_NONNULL = YES;
				CLANG_ANALYZER_NUMBER_OBJECT_CONVERSION = YES_AGGRESSIVE;
				CLANG_CXX_LANGUAGE_STANDARD = "gnu++14";
				CLANG_CXX_LIBRARY = "libc++";
				CLANG_ENABLE_MODULES = YES;
				CLANG_ENABLE_OBJC_ARC = YES;
				CLANG_ENABLE_OBJC_WEAK = YES;
				CLANG_WARN_BLOCK_CAPTURE_AUTORELEASING = YES;
				CLANG_WARN_BOOL_CONVERSION = YES;
				CLANG_WARN_COMMA = YES;
				CLANG_WARN_CONSTANT_CONVERSION = YES;
				CLANG_WARN_DEPRECATED_OBJC_IMPLEMENTATIONS = YES;
				CLANG_WARN_DIRECT_OBJC_ISA_USAGE = YES_ERROR;
				CLANG_WARN_DOCUMENTATION_COMMENTS = YES;
				CLANG_WARN_EMPTY_BODY = YES;
				CLANG_WARN_ENUM_CONVERSION = YES;
				CLANG_WARN_INFINITE_RECURSION = YES;
				CLANG_WARN_INT_CONVERSION = YES;
				CLANG_WARN_NON_LITERAL_NULL_CONVERSION = YES;
				CLANG_WARN_OBJC_IMPLICIT_RETAIN_SELF = YES;
				CLANG_WARN_OBJC_LITERAL_CONVERSION = YES;
				CLANG_WARN_OBJC_ROOT_CLASS = YES_ERROR;
				CLANG_WARN_RANGE_LOOP_ANALYSIS = YES;
				CLANG_WARN_STRICT_PROTOTYPES = YES;
				CLANG_WARN_SUSPICIOUS_MOVE = YES;
				CLANG_WARN_UNGUARDED_AVAILABILITY = YES_AGGRESSIVE;
				CLANG_WARN_UNREACHABLE_CODE = YES;
				CLANG_WARN__DUPLICATE_METHOD_MATCH = YES;
				CODE_SIGN_IDENTITY = "iPhone Developer";
				COPY_PHASE_STRIP = NO;
				DEBUG_INFORMATION_FORMAT = "dwarf-with-dsym";
				ENABLE_NS_ASSERTIONS = NO;
				ENABLE_STRICT_OBJC_MSGSEND = YES;
				GCC_C_LANGUAGE_STANDARD = gnu11;
				GCC_NO_COMMON_BLOCKS = YES;
				GCC_WARN_64_TO_32_BIT_CONVERSION = YES;
				GCC_WARN_ABOUT_RETURN_TYPE = YES_ERROR;
				GCC_WARN_UNDECLARED_SELECTOR = YES;
				GCC_WARN_UNINITIALIZED_AUTOS = YES_AGGRESSIVE;
				GCC_WARN_UNUSED_FUNCTION = YES;
				GCC_WARN_UNUSED_VARIABLE = YES;
				IPHONEOS_DEPLOYMENT_TARGET = 12.2;
				MTL_ENABLE_DEBUG_INFO = NO;
				MTL_FAST_MATH = YES;
				SDKROOT = iphoneos;
				SWIFT_COMPILATION_MODE = wholemodule;
				SWIFT_OPTIMIZATION_LEVEL = "-O";
				VALIDATE_PRODUCT = YES;
			};
			name = Release;
		};
		84E41EB822B3731200C9AE85 /* Debug */ = {
			isa = XCBuildConfiguration;
			buildSettings = {
				ASSETCATALOG_COMPILER_APPICON_NAME = AppIcon;
				CODE_SIGN_STYLE = Automatic;
				DEVELOPMENT_TEAM = XWNPFKK4U5;
				INFOPLIST_FILE = "AR效果demo/Info.plist";
				IPHONEOS_DEPLOYMENT_TARGET = 11.4;
				LD_RUNPATH_SEARCH_PATHS = (
					"$(inherited)",
					"@executable_path/Frameworks",
				);
				PRODUCT_BUNDLE_IDENTIFIER = "-11.AR--demo";
				PRODUCT_NAME = "$(TARGET_NAME)";
				SWIFT_VERSION = 5.0;
				TARGETED_DEVICE_FAMILY = "1,2";
			};
			name = Debug;
		};
		84E41EB922B3731200C9AE85 /* Release */ = {
			isa = XCBuildConfiguration;
			buildSettings = {
				ASSETCATALOG_COMPILER_APPICON_NAME = AppIcon;
				CODE_SIGN_STYLE = Automatic;
				DEVELOPMENT_TEAM = XWNPFKK4U5;
				INFOPLIST_FILE = "AR效果demo/Info.plist";
				IPHONEOS_DEPLOYMENT_TARGET = 11.4;
				LD_RUNPATH_SEARCH_PATHS = (
					"$(inherited)",
					"@executable_path/Frameworks",
				);
				PRODUCT_BUNDLE_IDENTIFIER = "-11.AR--demo";
				PRODUCT_NAME = "$(TARGET_NAME)";
				SWIFT_VERSION = 5.0;
				TARGETED_DEVICE_FAMILY = "1,2";
			};
			name = Release;
		};
		84E41EBB22B3731200C9AE85 /* Debug */ = {
			isa = XCBuildConfiguration;
			buildSettings = {
				ALWAYS_EMBED_SWIFT_STANDARD_LIBRARIES = YES;
				BUNDLE_LOADER = "$(TEST_HOST)";
				CODE_SIGN_STYLE = Automatic;
				INFOPLIST_FILE = "AR效果demoTests/Info.plist";
				LD_RUNPATH_SEARCH_PATHS = (
					"$(inherited)",
					"@executable_path/Frameworks",
					"@loader_path/Frameworks",
				);
				PRODUCT_BUNDLE_IDENTIFIER = "-11.AR--demoTests";
				PRODUCT_NAME = "$(TARGET_NAME)";
				SWIFT_VERSION = 5.0;
				TARGETED_DEVICE_FAMILY = "1,2";
				TEST_HOST = "$(BUILT_PRODUCTS_DIR)/AR效果demo.app/AR效果demo";
			};
			name = Debug;
		};
		84E41EBC22B3731200C9AE85 /* Release */ = {
			isa = XCBuildConfiguration;
			buildSettings = {
				ALWAYS_EMBED_SWIFT_STANDARD_LIBRARIES = YES;
				BUNDLE_LOADER = "$(TEST_HOST)";
				CODE_SIGN_STYLE = Automatic;
				INFOPLIST_FILE = "AR效果demoTests/Info.plist";
				LD_RUNPATH_SEARCH_PATHS = (
					"$(inherited)",
					"@executable_path/Frameworks",
					"@loader_path/Frameworks",
				);
				PRODUCT_BUNDLE_IDENTIFIER = "-11.AR--demoTests";
				PRODUCT_NAME = "$(TARGET_NAME)";
				SWIFT_VERSION = 5.0;
				TARGETED_DEVICE_FAMILY = "1,2";
				TEST_HOST = "$(BUILT_PRODUCTS_DIR)/AR效果demo.app/AR效果demo";
			};
			name = Release;
		};
		84E41EBE22B3731200C9AE85 /* Debug */ = {
			isa = XCBuildConfiguration;
			buildSettings = {
				ALWAYS_EMBED_SWIFT_STANDARD_LIBRARIES = YES;
				CODE_SIGN_STYLE = Automatic;
				INFOPLIST_FILE = "AR效果demoUITests/Info.plist";
				LD_RUNPATH_SEARCH_PATHS = (
					"$(inherited)",
					"@executable_path/Frameworks",
					"@loader_path/Frameworks",
				);
				PRODUCT_BUNDLE_IDENTIFIER = "-11.AR--demoUITests";
				PRODUCT_NAME = "$(TARGET_NAME)";
				SWIFT_VERSION = 5.0;
				TARGETED_DEVICE_FAMILY = "1,2";
				TEST_TARGET_NAME = "AR效果demo";
			};
			name = Debug;
		};
		84E41EBF22B3731200C9AE85 /* Release */ = {
			isa = XCBuildConfiguration;
			buildSettings = {
				ALWAYS_EMBED_SWIFT_STANDARD_LIBRARIES = YES;
				CODE_SIGN_STYLE = Automatic;
				INFOPLIST_FILE = "AR效果demoUITests/Info.plist";
				LD_RUNPATH_SEARCH_PATHS = (
					"$(inherited)",
					"@executable_path/Frameworks",
					"@loader_path/Frameworks",
				);
				PRODUCT_BUNDLE_IDENTIFIER = "-11.AR--demoUITests";
				PRODUCT_NAME = "$(TARGET_NAME)";
				SWIFT_VERSION = 5.0;
				TARGETED_DEVICE_FAMILY = "1,2";
				TEST_TARGET_NAME = "AR效果demo";
			};
			name = Release;
		};
/* End XCBuildConfiguration section */

/* Begin XCConfigurationList section */
		84E41E8722B3731000C9AE85 /* Build configuration list for PBXProject "AR效果demo" */ = {
			isa = XCConfigurationList;
			buildConfigurations = (
				84E41EB522B3731200C9AE85 /* Debug */,
				84E41EB622B3731200C9AE85 /* Release */,
			);
			defaultConfigurationIsVisible = 0;
			defaultConfigurationName = Release;
		};
		84E41EB722B3731200C9AE85 /* Build configuration list for PBXNativeTarget "AR效果demo" */ = {
			isa = XCConfigurationList;
			buildConfigurations = (
				84E41EB822B3731200C9AE85 /* Debug */,
				84E41EB922B3731200C9AE85 /* Release */,
			);
			defaultConfigurationIsVisible = 0;
			defaultConfigurationName = Release;
		};
		84E41EBA22B3731200C9AE85 /* Build configuration list for PBXNativeTarget "AR效果demoTests" */ = {
			isa = XCConfigurationList;
			buildConfigurations = (
				84E41EBB22B3731200C9AE85 /* Debug */,
				84E41EBC22B3731200C9AE85 /* Release */,
			);
			defaultConfigurationIsVisible = 0;
			defaultConfigurationName = Release;
		};
		84E41EBD22B3731200C9AE85 /* Build configuration list for PBXNativeTarget "AR效果demoUITests" */ = {
			isa = XCConfigurationList;
			buildConfigurations = (
				84E41EBE22B3731200C9AE85 /* Debug */,
				84E41EBF22B3731200C9AE85 /* Release */,
			);
			defaultConfigurationIsVisible = 0;
			defaultConfigurationName = Release;
		};
/* End XCConfigurationList section */

/* Begin XCVersionGroup section */
		84E41E9622B3731000C9AE85 /* AR__demo.xcdatamodeld */ = {
			isa = XCVersionGroup;
			children = (
				84E41E9722B3731000C9AE85 /* AR__demo.xcdatamodel */,
			);
			currentVersion = 84E41E9722B3731000C9AE85 /* AR__demo.xcdatamodel */;
			path = AR__demo.xcdatamodeld;
			sourceTree = "<group>";
			versionGroupType = wrapper.xcdatamodel;
		};
/* End XCVersionGroup section */
	};
	rootObject = 84E41E8422B3731000C9AE85 /* Project object */;
}
